
Microsoft Visual Studio Solution File, Format Version 12.00
# Visual Studio Version 17
VisualStudioVersion = 17.4.33205.214
MinimumVisualStudioVersion = 10.0.40219.1
Project("{8BC9CEB8-8B4A-11D0-8D11-00A0C91BC942}") = "2.8b猜想", "2.8b猜想.vcxproj", "{075A6202-A928-4DCC-A6AF-8B0CB1B8BA77}"
EndProject
Global
	GlobalSection(SolutionConfigurationPlatforms) = preSolution
		Debug|x64 = Debug|x64
		Debug|x86 = Debug|x86
		Release|x64 = Release|x64
		Release|x86 = Release|x86
	EndGlobalSection
	GlobalSection(ProjectConfigurationPlatforms) = postSolution
		{075A6202-A928-4DCC-A6AF-8B0CB1B8BA77}.Debug|x64.ActiveCfg = Debug|x64
		{075A6202-A928-4DCC-A6AF-8B0CB1B8BA77}.Debug|x64.Build.0 = Debug|x64
		{075A6202-A928-4DCC-A6AF-8B0CB1B8BA77}.Debug|x86.ActiveCfg = Debug|Win32
		{075A6202-A928-4DCC-A6AF-8B0CB1B8BA77}.Debug|x86.Build.0 = Debug|Win32
		{075A6202-A928-4DCC-A6AF-8B0CB1B8BA77}.Release|x64.ActiveCfg = Release|x64
		{075A6202-A928-4DCC-A6AF-8B0CB1B8BA77}.Release|x64.Build.0 = Release|x64
		{075A6202-A928-4DCC-A6AF-8B0CB1B8BA77}.Release|x86.ActiveCfg = Release|Win32
		{075A6202-A928-4DCC-A6AF-8B0CB1B8BA77}.Release|x86.Build.0 = Release|Win32
	EndGlobalSection
	GlobalSection(SolutionProperties) = preSolution
		HideSolutionNode = FALSE
	EndGlobalSection
	GlobalSection(ExtensibilityGlobals) = postSolution
		SolutionGuid = {DEFF0191-DEB5-450C-8002-E24E45CB7A47}
	EndGlobalSection
EndGlobal
